
Microsoft Visual Studio Solution File, Format Version 12.00
# Visual Studio Version 17
VisualStudioVersion = 17.14.37516.0
MinimumVisualStudioVersion = 10.0.40219.1
Project("{FAE04EC0-301F-11D3-BF4B-00C04F79EFBC}") = "SQliteOrm", "SQliteOrm\SQliteOrm.csproj", "{61B6E159-546F-497B-974F-83550DE6D33D}"
EndProject
Project("{FAE04EC0-301F-11D3-BF4B-00C04F79EFBC}") = "SQliteOrm.Tests", "SQliteOrm.Tests\SQliteOrm.Tests.csproj", "{A47717C2-B6A1-4857-B744-DE7AFFC7818E}"
EndProject
Global
	GlobalSection(SolutionConfigurationPlatforms) = preSolution
		Debug|Any CPU = Debug|Any CPU
		Debug|x64 = Debug|x64
		Debug|x86 = Debug|x86
		Release|Any CPU = Release|Any CPU
		Release|x64 = Release|x64
		Release|x86 = Release|x86
	EndGlobalSection
	GlobalSection(ProjectConfigurationPlatforms) = postSolution
		{61B6E159-546F-497B-974F-83550DE6D33D}.Debug|Any CPU.ActiveCfg = Debug|Any CPU
		{61B6E159-546F-497B-974F-83550DE6D33D}.Debug|Any CPU.Build.0 = Debug|Any CPU
		{61B6E159-546F-497B-974F-83550DE6D33D}.Debug|x64.ActiveCfg = Debug|Any CPU
		{61B6E159-546F-497B-974F-83550DE6D33D}.Debug|x64.Build.0 = Debug|Any CPU
		{61B6E159-546F-497B-974F-83550DE6D33D}.Debug|x86.ActiveCfg = Debug|Any CPU
		{61B6E159-546F-497B-974F-83550DE6D33D}.Debug|x86.Build.0 = Debug|Any CPU
		{61B6E159-546F-497B-974F-83550DE6D33D}.Release|Any CPU.ActiveCfg = Release|Any CPU
		{61B6E159-546F-497B-974F-83550DE6D33D}.Release|Any CPU.Build.0 = Release|Any CPU
		{61B6E159-546F-497B-974F-83550DE6D33D}.Release|x64.ActiveCfg = Release|Any CPU
		{61B6E159-546F-497B-974F-83550DE6D33D}.Release|x64.Build.0 = Release|Any CPU
		{61B6E159-546F-497B-974F-83550DE6D33D}.Release|x86.ActiveCfg = Release|Any CPU
		{61B6E159-546F-497B-974F-83550DE6D33D}.Release|x86.Build.0 = Release|Any CPU
		{A47717C2-B6A1-4857-B744-DE7AFFC7818E}.Debug|Any CPU.ActiveCfg = Debug|Any CPU
		{A47717C2-B6A1-4857-B744-DE7AFFC7818E}.Debug|Any CPU.Build.0 = Debug|Any CPU
		{A47717C2-B6A1-4857-B744-DE7AFFC7818E}.Debug|x64.ActiveCfg = Debug|Any CPU
		{A47717C2-B6A1-4857-B744-DE7AFFC7818E}.Debug|x64.Build.0 = Debug|Any CPU
		{A47717C2-B6A1-4857-B744-DE7AFFC7818E}.Debug|x86.ActiveCfg = Debug|Any CPU
		{A47717C2-B6A1-4857-B744-DE7AFFC7818E}.Debug|x86.Build.0 = Debug|Any CPU
		{A47717C2-B6A1-4857-B744-DE7AFFC7818E}.Release|Any CPU.ActiveCfg = Release|Any CPU
		{A47717C2-B6A1-4857-B744-DE7AFFC7818E}.Release|Any CPU.Build.0 = Release|Any CPU
		{A47717C2-B6A1-4857-B744-DE7AFFC7818E}.Release|x64.ActiveCfg = Release|Any CPU
		{A47717C2-B6A1-4857-B744-DE7AFFC7818E}.Release|x64.Build.0 = Release|Any CPU
		{A47717C2-B6A1-4857-B744-DE7AFFC7818E}.Release|x86.ActiveCfg = Release|Any CPU
		{A47717C2-B6A1-4857-B744-DE7AFFC7818E}.Release|x86.Build.0 = Release|Any CPU
	EndGlobalSection
	GlobalSection(SolutionProperties) = preSolution
		HideSolutionNode = FALSE
	EndGlobalSection
	GlobalSection(ExtensibilityGlobals) = postSolution
		SolutionGuid = {77D2CF45-176A-4FB9-B656-09F19B2AEB47}
	EndGlobalSection
EndGlobal
